{
  "meteor": {},
  "dependencies": {
    "basePackages": {
      "grounddb": {
        "git": "https://github.com/GroundMeteor/Meteor-GroundDB.git",
        "tag": "v0.0.21"
      },
      "ejson-minimax": {
        "git": "https://github.com/GroundMeteor/ejson-minimax.git",
        "branch": "master"
      },
      "underscore-string-latest": {},
      "pince": {},
      "bootstrap-3": {},
      "collection2": {},
      "moment-with-langs": {}
    },
    "packages": {
      "grounddb": {
        "git": "https://github.com/GroundMeteor/Meteor-GroundDB.git",
        "tag": "v0.0.21",
        "commit": "7132b9dbb1dc681fd940a31bc586de059b3871bb"
      },
      "ejson-minimax": {
        "git": "https://github.com/GroundMeteor/ejson-minimax.git",
        "branch": "master",
        "commit": "87e77a2e1704f0ae2d2a7b914030b898519f7964"
      },
      "underscore-string-latest": {
        "git": "https://github.com/TimHeckel/meteor-underscore-string.git",
        "tag": "v2.3.3",
        "commit": "4a5d70eee48fbd90a6e6fc78747250d704a0b3bb"
      },
      "pince": {
        "git": "https://github.com/mad-eye/pince.git",
        "tag": "v0.0.5",
        "commit": "4524ecc0bdf043c49dc62e91bbd8a99c661081ed"
      },
      "bootstrap-3": {
        "git": "https://github.com/mangasocial/meteor-bootstrap-3.git",
        "tag": "v3.2.0-1",
        "commit": "17a63902fc6cf1096c5289d963c66cf28b474727"
      },
      "collection2": {
        "git": "https://github.com/aldeed/meteor-collection2.git",
        "tag": "v0.4.6",
        "commit": "80554182486be0d8e74f7ed02194a5649d712e27"
      },
      "moment-with-langs": {
        "git": "https://github.com/jeeeyul/meteor-moment-with-langs.git",
        "tag": "v2.6.0",
        "commit": "b09c5ef52871f0eafd8d908bb9c111031ec9f05d"
      },
      "simple-schema": {
        "git": "https://github.com/aldeed/meteor-simple-schema.git",
        "tag": "v0.7.0",
        "commit": "77d267aec4ba8a70f677e5d9ef9fb91fb0e3f0f6"
      }
    }
  }
}
